
Microsoft Visual Studio Solution File, Format Version 12.00
# Visual Studio Version 17
VisualStudioVersion = 17.13.35931.197
MinimumVisualStudioVersion = 10.0.40219.1
Project("{FAE04EC0-301F-11D3-BF4B-00C04F79EFBC}") = "ControleDeContatos", "ControleDeContatos\ControleDeContatos.csproj", "{313D33B2-1B30-4527-9F1B-37559DBCE410}"
EndProject
Global
	GlobalSection(SolutionConfigurationPlatforms) = preSolution
		Debug|Any CPU = Debug|Any CPU
		Release|Any CPU = Release|Any CPU
	EndGlobalSection
	GlobalSection(ProjectConfigurationPlatforms) = postSolution
		{313D33B2-1B30-4527-9F1B-37559DBCE410}.Debug|Any CPU.ActiveCfg = Debug|Any CPU
		{313D33B2-1B30-4527-9F1B-37559DBCE410}.Debug|Any CPU.Build.0 = Debug|Any CPU
		{313D33B2-1B30-4527-9F1B-37559DBCE410}.Release|Any CPU.ActiveCfg = Release|Any CPU
		{313D33B2-1B30-4527-9F1B-37559DBCE410}.Release|Any CPU.Build.0 = Release|Any CPU
	EndGlobalSection
	GlobalSection(SolutionProperties) = preSolution
		HideSolutionNode = FALSE
	EndGlobalSection
	GlobalSection(ExtensibilityGlobals) = postSolution
		SolutionGuid = {2E678E79-D4CC-4E5E-B00B-BA39236032DB}
	EndGlobalSection
EndGlobal
